
Microsoft Visual Studio Solution File, Format Version 12.00
# Visual Studio 15
Project("{FAE04EC0-301F-11D3-BF4B-00C04F79EFBC}") = "Anim", "Anim\Anim.csproj", "{F2C097FA-D202-4445-8D79-DBFE8F72A2AC}"
EndProject
Global
	GlobalSection(SolutionConfigurationPlatforms) = preSolution
		Debug|iPhoneSimulator = Debug|iPhoneSimulator
		Release|iPhone = Release|iPhone
		Release|iPhoneSimulator = Release|iPhoneSimulator
		Debug|iPhone = Debug|iPhone
	EndGlobalSection
	GlobalSection(ProjectConfigurationPlatforms) = postSolution
		{F2C097FA-D202-4445-8D79-DBFE8F72A2AC}.Debug|iPhoneSimulator.ActiveCfg = Debug|iPhoneSimulator
		{F2C097FA-D202-4445-8D79-DBFE8F72A2AC}.Debug|iPhoneSimulator.Build.0 = Debug|iPhoneSimulator
		{F2C097FA-D202-4445-8D79-DBFE8F72A2AC}.Release|iPhone.ActiveCfg = Release|iPhone
		{F2C097FA-D202-4445-8D79-DBFE8F72A2AC}.Release|iPhone.Build.0 = Release|iPhone
		{F2C097FA-D202-4445-8D79-DBFE8F72A2AC}.Release|iPhoneSimulator.ActiveCfg = Release|iPhoneSimulator
		{F2C097FA-D202-4445-8D79-DBFE8F72A2AC}.Release|iPhoneSimulator.Build.0 = Release|iPhoneSimulator
		{F2C097FA-D202-4445-8D79-DBFE8F72A2AC}.Debug|iPhone.ActiveCfg = Debug|iPhone
		{F2C097FA-D202-4445-8D79-DBFE8F72A2AC}.Debug|iPhone.Build.0 = Debug|iPhone
	EndGlobalSection
EndGlobal
